{
  "version": 4,
  "terraform_version": "1.7.4",
  "serial": 11,
  "lineage": "b09666ee-4f70-5b20-12a0-d2c8ad55d962",
  "outputs": {},
  "resources": [
    {
      "mode": "managed",
      "type": "aws_redshift_cluster",
      "name": "data_warehouse",
      "provider": "provider[\"registry.terraform.io/hashicorp/aws\"]",
      "instances": [
        {
          "schema_version": 0,
          "attributes": {
            "allow_version_upgrade": true,
            "apply_immediately": false,
            "aqua_configuration_status": "auto",
            "arn": "arn:aws:redshift:us-east-1:211125724808:cluster:capstone-project",
            "automated_snapshot_retention_period": 1,
            "availability_zone": "us-east-1d",
            "availability_zone_relocation_enabled": false,
            "cluster_identifier": "capstone-project",
            "cluster_nodes": [
              {
                "node_role": "SHARED",
                "private_ip_address": "172.31.16.66",
                "public_ip_address": "100.28.190.211"
              }
            ],
            "cluster_parameter_group_name": "default.redshift-1.0",
            "cluster_public_key": "ssh-rsa AAAAB3NzaC1yc2EAAAADAQABAAABAQCX/f09I6S2ityhpH5SYad09vuQibHXANT4M6mDu5h9DEDdakFNj2cdr3hVNevAiEU9CP1VsTK68wWMNsA6/ajGtPLV66mxtpMs1TCRXwWSK2f2mb2/jhqfwvEftCjDho+eEh2wJC8IfOiKMrbh3qlVcdTBTISniDzLSOId2z74WJk/ovq6uWyTb4iWt+isJ9ko92lpPIpYF3Pb2ezlAN9xZMWLAUD618o9Dgh2CMGZNI3E4YBxbEG5RnXYOxu6atqM3MwmQDWki/m5K/4rECUs8/Y/nEUhMr7KtfcLEmvmu1PmAjNOiAvUez/H50w1l0XT8eWjJfZEaFSTw15UmXY3 Amazon-Redshift\n",
            "cluster_revision_number": "66954",
            "cluster_security_groups": [],
            "cluster_subnet_group_name": "default",
            "cluster_type": "single-node",
            "cluster_version": "1.0",
            "database_name": "mydb",
            "default_iam_role_arn": "",
            "dns_name": "capstone-project.co8kgzh69bex.us-east-1.redshift.amazonaws.com",
            "elastic_ip": null,
            "encrypted": false,
            "endpoint": "capstone-project.co8kgzh69bex.us-east-1.redshift.amazonaws.com:5439",
            "enhanced_vpc_routing": false,
            "final_snapshot_identifier": null,
            "iam_roles": [],
            "id": "capstone-project",
            "kms_key_id": "",
            "logging": [
              {
                "bucket_name": "",
                "enable": false,
                "log_destination_type": "",
                "log_exports": [],
                "s3_key_prefix": ""
              }
            ],
            "maintenance_track_name": "current",
            "manual_snapshot_retention_period": -1,
            "master_password": "Password1709",
            "master_username": "eugene",
            "node_type": "dc2.large",
            "number_of_nodes": 1,
            "owner_account": null,
            "port": 5439,
            "preferred_maintenance_window": "sat:07:00-sat:07:30",
            "publicly_accessible": true,
            "skip_final_snapshot": true,
            "snapshot_cluster_identifier": null,
            "snapshot_copy": [],
            "snapshot_identifier": null,
            "tags": null,
            "tags_all": {},
            "timeouts": null,
            "vpc_security_group_ids": [
              "sg-00b7033b7c38abad3"
            ]
          },
          "sensitive_attributes": [],
          "private": "eyJlMmJmYjczMC1lY2FhLTExZTYtOGY4OC0zNDM2M2JjN2M0YzAiOnsiY3JlYXRlIjo0NTAwMDAwMDAwMDAwLCJkZWxldGUiOjI0MDAwMDAwMDAwMDAsInVwZGF0ZSI6NDUwMDAwMDAwMDAwMH19"
        }
      ]
    },
    {
      "mode": "managed",
      "type": "aws_s3_bucket",
      "name": "capstone_bucket",
      "provider": "provider[\"registry.terraform.io/hashicorp/aws\"]",
      "instances": [
        {
          "schema_version": 0,
          "attributes": {
            "acceleration_status": "",
            "acl": null,
            "arn": "arn:aws:s3:::capstone-montybucket",
            "bucket": "capstone-montybucket",
            "bucket_domain_name": "capstone-montybucket.s3.amazonaws.com",
            "bucket_prefix": "",
            "bucket_regional_domain_name": "capstone-montybucket.s3.amazonaws.com",
            "cors_rule": [],
            "force_destroy": false,
            "grant": [
              {
                "id": "f55ef81534ec3bde4490e82b06ca13854a8567722c49962bd37506f031e5387a",
                "permissions": [
                  "FULL_CONTROL"
                ],
                "type": "CanonicalUser",
                "uri": ""
              }
            ],
            "hosted_zone_id": "Z3AQBSTGFYJSTF",
            "id": "capstone-montybucket",
            "lifecycle_rule": [],
            "logging": [],
            "object_lock_configuration": [],
            "object_lock_enabled": false,
            "policy": "",
            "region": "us-east-1",
            "replication_configuration": [],
            "request_payer": "BucketOwner",
            "server_side_encryption_configuration": [
              {
                "rule": [
                  {
                    "apply_server_side_encryption_by_default": [
                      {
                        "kms_master_key_id": "",
                        "sse_algorithm": "AES256"
                      }
                    ],
                    "bucket_key_enabled": false
                  }
                ]
              }
            ],
            "tags": {
              "Name": "capstone-project"
            },
            "tags_all": {
              "Name": "capstone-project"
            },
            "timeouts": null,
            "versioning": [
              {
                "enabled": false,
                "mfa_delete": false
              }
            ],
            "website": [],
            "website_domain": null,
            "website_endpoint": null
          },
          "sensitive_attributes": [],
          "private": "eyJlMmJmYjczMC1lY2FhLTExZTYtOGY4OC0zNDM2M2JjN2M0YzAiOnsiY3JlYXRlIjoxMjAwMDAwMDAwMDAwLCJkZWxldGUiOjM2MDAwMDAwMDAwMDAsInJlYWQiOjEyMDAwMDAwMDAwMDAsInVwZGF0ZSI6MTIwMDAwMDAwMDAwMH19"
        }
      ]
    }
  ],
  "check_results": null
}
